
Microsoft Visual Studio Solution File, Format Version 12.00
# Visual Studio Version 17
VisualStudioVersion = 17.13.35931.197 d17.13
MinimumVisualStudioVersion = 10.0.40219.1
Project("{FAE04EC0-301F-11D3-BF4B-00C04F79EFBC}") = "KINO_Chernyshkov", "KINO_Chernyshkov\KINO_Chernyshkov.csproj", "{7795EEB8-4315-4A4D-BC57-A5860B4F5303}"
EndProject
Global
	GlobalSection(SolutionConfigurationPlatforms) = preSolution
		Debug|Any CPU = Debug|Any CPU
		Release|Any CPU = Release|Any CPU
	EndGlobalSection
	GlobalSection(ProjectConfigurationPlatforms) = postSolution
		{7795EEB8-4315-4A4D-BC57-A5860B4F5303}.Debug|Any CPU.ActiveCfg = Debug|Any CPU
		{7795EEB8-4315-4A4D-BC57-A5860B4F5303}.Debug|Any CPU.Build.0 = Debug|Any CPU
		{7795EEB8-4315-4A4D-BC57-A5860B4F5303}.Release|Any CPU.ActiveCfg = Release|Any CPU
		{7795EEB8-4315-4A4D-BC57-A5860B4F5303}.Release|Any CPU.Build.0 = Release|Any CPU
	EndGlobalSection
	GlobalSection(SolutionProperties) = preSolution
		HideSolutionNode = FALSE
	EndGlobalSection
	GlobalSection(ExtensibilityGlobals) = postSolution
		SolutionGuid = {67623A40-9486-4788-B656-5EE5713D6F99}
	EndGlobalSection
EndGlobal
